Microsoft Visual Studio Solution File, Format Version 12.00
# Visual Studio Version 17
VisualStudioVersion = 17.5.2.0
MinimumVisualStudioVersion = 10.0.40219.1
Project("{FAE04EC0-301F-11D3-BF4B-00C04F79EFBC}") = "VehicleDoorsReworked", "VehicleDoorsReworked.csproj", "{EA1E5A85-B6B6-B13D-3C69-8364F5ACACDB}"
EndProject
Global
	GlobalSection(SolutionConfigurationPlatforms) = preSolution
		Debug|Any CPU = Debug|Any CPU
		Release|Any CPU = Release|Any CPU
	EndGlobalSection
	GlobalSection(ProjectConfigurationPlatforms) = postSolution
		{EA1E5A85-B6B6-B13D-3C69-8364F5ACACDB}.Debug|Any CPU.ActiveCfg = Debug|Any CPU
		{EA1E5A85-B6B6-B13D-3C69-8364F5ACACDB}.Debug|Any CPU.Build.0 = Debug|Any CPU
		{EA1E5A85-B6B6-B13D-3C69-8364F5ACACDB}.Release|Any CPU.ActiveCfg = Release|Any CPU
		{EA1E5A85-B6B6-B13D-3C69-8364F5ACACDB}.Release|Any CPU.Build.0 = Release|Any CPU
	EndGlobalSection
	GlobalSection(SolutionProperties) = preSolution
		HideSolutionNode = FALSE
	EndGlobalSection
	GlobalSection(ExtensibilityGlobals) = postSolution
		SolutionGuid = {B19DE704-9FEC-4F7F-B3BE-4386D57824B1}
	EndGlobalSection
EndGlobal
